
Microsoft Visual Studio Solution File, Format Version 12.00
# Visual Studio Version 16
VisualStudioVersion = 16.0.29806.167
MinimumVisualStudioVersion = 10.0.40219.1
Project("{9A19103F-16F7-4668-BE54-9A1E7A4F7556}") = "AC", "AC\AC.csproj", "{D60A9112-6E5A-42F0-80AB-4389FBFBACF6}"
EndProject
Project("{9A19103F-16F7-4668-BE54-9A1E7A4F7556}") = "Sciendo.ArtistClassifier", "Sciendo.ArtistClassifier\Sciendo.ArtistClassifier.csproj", "{2EB59331-7D27-48AC-B5E2-4A01E241EFCB}"
EndProject
Project("{FAE04EC0-301F-11D3-BF4B-00C04F79EFBC}") = "Sciendo.ArtistClassifier.NLP.NER", "Sciendo.ArtistClassifier.NLP.NER\Sciendo.ArtistClassifier.NLP.NER.csproj", "{520842BA-7667-4CFD-AD88-1FEA5B4F7253}"
EndProject
Project("{FAE04EC0-301F-11D3-BF4B-00C04F79EFBC}") = "ACNN", "ACNN\ACNN.csproj", "{AFDA6DEE-E22C-45B9-9753-CDEFEABE8F79}"
EndProject
Project("{9A19103F-16F7-4668-BE54-9A1E7A4F7556}") = "Sciendo.Wiki.Search", "Sciendo.Wiki.Search\Sciendo.Wiki.Search.csproj", "{899272E6-D20B-45A1-8E65-B0FAF027E5C1}"
EndProject
Project("{FAE04EC0-301F-11D3-BF4B-00C04F79EFBC}") = "Sciendo.ArtistEnhancer", "Sciendo.ArtistEnhancer\Sciendo.ArtistEnhancer.csproj", "{A8AC1482-75E1-4283-89E7-9C8E6C88F38D}"
EndProject
Project("{FAE04EC0-301F-11D3-BF4B-00C04F79EFBC}") = "AE", "AE\AE.csproj", "{93D2DDA4-21B2-4386-8BB0-38759ECF1A5B}"
EndProject
Project("{FAE04EC0-301F-11D3-BF4B-00C04F79EFBC}") = "Sciendo.MusicClassifier.Api", "Sciendo.MusicClassifier.Api\Sciendo.MusicClassifier.Api.csproj", "{E20348A3-1D01-4B10-A460-7AEEFAEB2480}"
EndProject
Global
	GlobalSection(SolutionConfigurationPlatforms) = preSolution
		Debug|Any CPU = Debug|Any CPU
		Release|Any CPU = Release|Any CPU
	EndGlobalSection
	GlobalSection(ProjectConfigurationPlatforms) = postSolution
		{D60A9112-6E5A-42F0-80AB-4389FBFBACF6}.Debug|Any CPU.ActiveCfg = Debug|Any CPU
		{D60A9112-6E5A-42F0-80AB-4389FBFBACF6}.Debug|Any CPU.Build.0 = Debug|Any CPU
		{D60A9112-6E5A-42F0-80AB-4389FBFBACF6}.Release|Any CPU.ActiveCfg = Release|Any CPU
		{D60A9112-6E5A-42F0-80AB-4389FBFBACF6}.Release|Any CPU.Build.0 = Release|Any CPU
		{2EB59331-7D27-48AC-B5E2-4A01E241EFCB}.Debug|Any CPU.ActiveCfg = Debug|Any CPU
		{2EB59331-7D27-48AC-B5E2-4A01E241EFCB}.Debug|Any CPU.Build.0 = Debug|Any CPU
		{2EB59331-7D27-48AC-B5E2-4A01E241EFCB}.Release|Any CPU.ActiveCfg = Release|Any CPU
		{2EB59331-7D27-48AC-B5E2-4A01E241EFCB}.Release|Any CPU.Build.0 = Release|Any CPU
		{520842BA-7667-4CFD-AD88-1FEA5B4F7253}.Debug|Any CPU.ActiveCfg = Debug|Any CPU
		{520842BA-7667-4CFD-AD88-1FEA5B4F7253}.Debug|Any CPU.Build.0 = Debug|Any CPU
		{520842BA-7667-4CFD-AD88-1FEA5B4F7253}.Release|Any CPU.ActiveCfg = Release|Any CPU
		{520842BA-7667-4CFD-AD88-1FEA5B4F7253}.Release|Any CPU.Build.0 = Release|Any CPU
		{AFDA6DEE-E22C-45B9-9753-CDEFEABE8F79}.Debug|Any CPU.ActiveCfg = Debug|Any CPU
		{AFDA6DEE-E22C-45B9-9753-CDEFEABE8F79}.Debug|Any CPU.Build.0 = Debug|Any CPU
		{AFDA6DEE-E22C-45B9-9753-CDEFEABE8F79}.Release|Any CPU.ActiveCfg = Release|Any CPU
		{AFDA6DEE-E22C-45B9-9753-CDEFEABE8F79}.Release|Any CPU.Build.0 = Release|Any CPU
		{899272E6-D20B-45A1-8E65-B0FAF027E5C1}.Debug|Any CPU.ActiveCfg = Debug|Any CPU
		{899272E6-D20B-45A1-8E65-B0FAF027E5C1}.Debug|Any CPU.Build.0 = Debug|Any CPU
		{899272E6-D20B-45A1-8E65-B0FAF027E5C1}.Release|Any CPU.ActiveCfg = Release|Any CPU
		{899272E6-D20B-45A1-8E65-B0FAF027E5C1}.Release|Any CPU.Build.0 = Release|Any CPU
		{A8AC1482-75E1-4283-89E7-9C8E6C88F38D}.Debug|Any CPU.ActiveCfg = Debug|Any CPU
		{A8AC1482-75E1-4283-89E7-9C8E6C88F38D}.Debug|Any CPU.Build.0 = Debug|Any CPU
		{A8AC1482-75E1-4283-89E7-9C8E6C88F38D}.Release|Any CPU.ActiveCfg = Release|Any CPU
		{A8AC1482-75E1-4283-89E7-9C8E6C88F38D}.Release|Any CPU.Build.0 = Release|Any CPU
		{93D2DDA4-21B2-4386-8BB0-38759ECF1A5B}.Debug|Any CPU.ActiveCfg = Debug|Any CPU
		{93D2DDA4-21B2-4386-8BB0-38759ECF1A5B}.Debug|Any CPU.Build.0 = Debug|Any CPU
		{93D2DDA4-21B2-4386-8BB0-38759ECF1A5B}.Release|Any CPU.ActiveCfg = Release|Any CPU
		{93D2DDA4-21B2-4386-8BB0-38759ECF1A5B}.Release|Any CPU.Build.0 = Release|Any CPU
		{E20348A3-1D01-4B10-A460-7AEEFAEB2480}.Debug|Any CPU.ActiveCfg = Debug|Any CPU
		{E20348A3-1D01-4B10-A460-7AEEFAEB2480}.Debug|Any CPU.Build.0 = Debug|Any CPU
		{E20348A3-1D01-4B10-A460-7AEEFAEB2480}.Release|Any CPU.ActiveCfg = Release|Any CPU
		{E20348A3-1D01-4B10-A460-7AEEFAEB2480}.Release|Any CPU.Build.0 = Release|Any CPU
	EndGlobalSection
	GlobalSection(SolutionProperties) = preSolution
		HideSolutionNode = FALSE
	EndGlobalSection
	GlobalSection(ExtensibilityGlobals) = postSolution
		SolutionGuid = {FF4C25CA-A84C-4064-A0F5-5F1E337014B5}
	EndGlobalSection
EndGlobal
